{
    "_readme": [
        "This file locks the dependencies of your project to a known state",
        "Read more about it at http://getcomposer.org/doc/01-basic-usage.md#composer-lock-the-lock-file"
    ],
    "hash": "e3d30791b548c5c799550288e7bc0106",
    "packages": [
        {
            "name": "analog/analog",
            "version": "dev-master",
            "source": {
                "type": "git",
                "url": "https://github.com/jbroadway/analog.git",
                "reference": "265619ea13fef62ad8e713067a4267b161b279fb"
            },
            "dist": {
                "type": "zip",
                "url": "https://api.github.com/repos/jbroadway/analog/zipball/265619ea13fef62ad8e713067a4267b161b279fb",
                "reference": "265619ea13fef62ad8e713067a4267b161b279fb",
                "shasum": ""
            },
            "require": {
                "php": ">=5.3.2",
                "psr/log": "1.*"
            },
            "type": "library",
            "autoload": {
                "psr-0": {
                    "Analog": "lib/"
                }
            },
            "notification-url": "https://packagist.org/downloads/",
            "license": [
                "MIT"
            ],
            "authors": [
                {
                    "name": "Johnny Broadway",
                    "email": "johnny@johnnybroadway.com",
                    "homepage": "http://www.johnnybroadway.com/",
                    "role": "Main Developer"
                }
            ],
            "description": "PHP 5.3+ micro logging class that can be extended via closures. Includes several pre-built handlers including file, mail, syslog, HTTP post, and MongoDB.",
            "homepage": "https://github.com/jbroadway/analog",
            "keywords": [
                "alerts",
                "debug",
                "debugging",
                "error",
                "log",
                "logger",
                "logging",
                "syslog"
            ],
            "time": "2013-04-22 15:14:57"
        },
        {
            "name": "bazalt/auth",
            "version": "dev-master",
            "source": {
                "type": "git",
                "url": "https://github.com/esvit/bazalt-auth.git",
                "reference": "6121e14b5c30b855fb1331cda73a5e9602e1c61b"
            },
            "dist": {
                "type": "zip",
                "url": "https://api.github.com/repos/esvit/bazalt-auth/zipball/6121e14b5c30b855fb1331cda73a5e9602e1c61b",
                "reference": "6121e14b5c30b855fb1331cda73a5e9602e1c61b",
                "shasum": ""
            },
            "require": {
                "analog/analog": "dev-master",
                "bazalt/data": "dev-master",
                "bazalt/orm": "dev-master",
                "bazalt/rest": "dev-master",
                "bazalt/session": "dev-master",
                "bazalt/view": "dev-master",
                "filp/whoops": "*",
                "peej/tonic": "*",
                "swiftmailer/swiftmailer": "*"
            },
            "type": "library",
            "autoload": {
                "psr-0": {
                    "Bazalt\\Auth": "server"
                }
            },
            "notification-url": "https://packagist.org/downloads/",
            "license": [
                "New BSD License"
            ],
            "authors": [
                {
                    "name": "Vitalii Savchuk",
                    "email": "esvit666@gmail.com"
                }
            ],
            "time": "2013-09-14 07:35:37"
        },
        {
            "name": "bazalt/data",
            "version": "dev-master",
            "source": {
                "type": "git",
                "url": "https://github.com/esvit/bazalt-data.git",
                "reference": "e3f5c314e04b3ed156d03311c5f62e257fa0ef05"
            },
            "dist": {
                "type": "zip",
                "url": "https://api.github.com/repos/esvit/bazalt-data/zipball/e3f5c314e04b3ed156d03311c5f62e257fa0ef05",
                "reference": "e3f5c314e04b3ed156d03311c5f62e257fa0ef05",
                "shasum": ""
            },
            "require": {
                "analog/analog": "dev-master",
                "php": ">=5.4.0"
            },
            "require-dev": {
                "satooshi/php-coveralls": "dev-master"
            },
            "type": "library",
            "autoload": {
                "psr-0": {
                    "Bazalt\\Data": "src/"
                }
            },
            "notification-url": "https://packagist.org/downloads/",
            "license": [
                "New BSD License"
            ],
            "authors": [
                {
                    "name": "Vitalii Savchuk",
                    "email": "esvit666@gmail.com"
                }
            ],
            "time": "2013-08-05 07:54:27"
        },
        {
            "name": "bazalt/orm",
            "version": "dev-master",
            "source": {
                "type": "git",
                "url": "https://github.com/esvit/bazalt-orm.git",
                "reference": "d4fd3cd86ca3abc1f6cd8d8415fa99e6c9223695"
            },
            "dist": {
                "type": "zip",
                "url": "https://api.github.com/repos/esvit/bazalt-orm/zipball/d4fd3cd86ca3abc1f6cd8d8415fa99e6c9223695",
                "reference": "d4fd3cd86ca3abc1f6cd8d8415fa99e6c9223695",
                "shasum": ""
            },
            "require": {
                "analog/analog": "dev-master",
                "php": ">=5.4.0",
                "symfony/event-dispatcher": "*"
            },
            "require-dev": {
                "satooshi/php-coveralls": "dev-master"
            },
            "type": "library",
            "autoload": {
                "psr-0": {
                    "Bazalt\\ORM": "src/"
                }
            },
            "notification-url": "https://packagist.org/downloads/",
            "license": [
                "New BSD License"
            ],
            "authors": [
                {
                    "name": "Vitalii Savchuk",
                    "email": "esvit666@gmail.com"
                }
            ],
            "time": "2013-08-29 16:13:11"
        },
        {
            "name": "bazalt/rest",
            "version": "dev-master",
            "source": {
                "type": "git",
                "url": "https://github.com/esvit/bazalt-rest.git",
                "reference": "9b9e32fdc240719f89f1ca6d0c216f5abf812bd5"
            },
            "dist": {
                "type": "zip",
                "url": "https://api.github.com/repos/esvit/bazalt-rest/zipball/9b9e32fdc240719f89f1ca6d0c216f5abf812bd5",
                "reference": "9b9e32fdc240719f89f1ca6d0c216f5abf812bd5",
                "shasum": ""
            },
            "require": {
                "analog/analog": "dev-master",
                "peej/tonic": "*",
                "php": ">=5.4.0",
                "symfony/event-dispatcher": "*"
            },
            "require-dev": {
                "satooshi/php-coveralls": "dev-master"
            },
            "type": "library",
            "autoload": {
                "psr-0": {
                    "Bazalt\\Rest": "src/"
                }
            },
            "notification-url": "https://packagist.org/downloads/",
            "license": [
                "New BSD License"
            ],
            "authors": [
                {
                    "name": "Vitalii Savchuk",
                    "email": "esvit666@gmail.com"
                }
            ],
            "time": "2013-09-13 11:57:39"
        },
        {
            "name": "bazalt/session",
            "version": "dev-master",
            "source": {
                "type": "git",
                "url": "https://github.com/esvit/bazalt-session.git",
                "reference": "d4ec5025c111b0dbed3f1216558eaea7f81622ee"
            },
            "dist": {
                "type": "zip",
                "url": "https://api.github.com/repos/esvit/bazalt-session/zipball/d4ec5025c111b0dbed3f1216558eaea7f81622ee",
                "reference": "d4ec5025c111b0dbed3f1216558eaea7f81622ee",
                "shasum": ""
            },
            "require": {
                "analog/analog": "dev-master",
                "php": ">=5.4.0"
            },
            "require-dev": {
                "satooshi/php-coveralls": "dev-master"
            },
            "type": "library",
            "autoload": {
                "psr-0": {
                    "Bazalt\\Session": "src/"
                }
            },
            "notification-url": "https://packagist.org/downloads/",
            "license": [
                "New BSD License"
            ],
            "authors": [
                {
                    "name": "Vitalii Savchuk",
                    "email": "esvit666@gmail.com"
                }
            ],
            "time": "2013-09-14 07:27:24"
        },
        {
            "name": "bazalt/site",
            "version": "dev-master",
            "source": {
                "type": "git",
                "url": "https://github.com/esvit/bazalt-site.git",
                "reference": "b7030c5fa83fa9776f4219aeabcb83caf7a00fa7"
            },
            "dist": {
                "type": "zip",
                "url": "https://api.github.com/repos/esvit/bazalt-site/zipball/b7030c5fa83fa9776f4219aeabcb83caf7a00fa7",
                "reference": "b7030c5fa83fa9776f4219aeabcb83caf7a00fa7",
                "shasum": ""
            },
            "require": {
                "analog/analog": "dev-master",
                "bazalt/orm": "dev-master",
                "php": ">=5.4.0",
                "symfony/event-dispatcher": "*"
            },
            "require-dev": {
                "satooshi/php-coveralls": "dev-master"
            },
            "type": "library",
            "autoload": {
                "psr-0": {
                    "Bazalt\\Site": "src/"
                }
            },
            "notification-url": "https://packagist.org/downloads/",
            "license": [
                "New BSD License"
            ],
            "authors": [
                {
                    "name": "Vitalii Savchuk",
                    "email": "esvit666@gmail.com"
                }
            ],
            "time": "2013-08-05 08:19:43"
        },
        {
            "name": "bazalt/thumbs",
            "version": "dev-master",
            "source": {
                "type": "git",
                "url": "https://github.com/esvit/bazalt-thumbs.git",
                "reference": "47810ec81ead65db407e6ce1d777874d7b3ea78f"
            },
            "dist": {
                "type": "zip",
                "url": "https://api.github.com/repos/esvit/bazalt-thumbs/zipball/47810ec81ead65db407e6ce1d777874d7b3ea78f",
                "reference": "47810ec81ead65db407e6ce1d777874d7b3ea78f",
                "shasum": ""
            },
            "require": {
                "imagine/imagine": "*",
                "php": ">=5.4.0",
                "twig/twig": "*"
            },
            "type": "library",
            "autoload": {
                "psr-0": {
                    "Bazalt\\Thumbs": "src"
                }
            },
            "notification-url": "https://packagist.org/downloads/",
            "license": [
                "New BSD License"
            ],
            "authors": [
                {
                    "name": "Vitalii Savchuk",
                    "email": "esvit666@gmail.com"
                }
            ],
            "time": "2013-07-04 17:35:35"
        },
        {
            "name": "bazalt/view",
            "version": "dev-master",
            "source": {
                "type": "git",
                "url": "https://github.com/esvit/bazalt-view.git",
                "reference": "87a9a5c0fbedc56b197eccd45c40f56f5ddd4560"
            },
            "dist": {
                "type": "zip",
                "url": "https://api.github.com/repos/esvit/bazalt-view/zipball/87a9a5c0fbedc56b197eccd45c40f56f5ddd4560",
                "reference": "87a9a5c0fbedc56b197eccd45c40f56f5ddd4560",
                "shasum": ""
            },
            "require": {
                "analog/analog": "dev-master",
                "php": ">=5.4.0",
                "twig/twig": "*"
            },
            "require-dev": {
                "satooshi/php-coveralls": "dev-master"
            },
            "type": "library",
            "autoload": {
                "psr-0": {
                    "Bazalt\\View": "src/"
                }
            },
            "notification-url": "https://packagist.org/downloads/",
            "license": [
                "New BSD License"
            ],
            "authors": [
                {
                    "name": "Vitalii Savchuk",
                    "email": "esvit666@gmail.com"
                }
            ],
            "time": "2013-06-20 09:39:29"
        },
        {
            "name": "filp/whoops",
            "version": "1.0.7",
            "source": {
                "type": "git",
                "url": "https://github.com/filp/whoops.git",
                "reference": "12e144c788b275e5869ac15eda7bd0ae5da775bd"
            },
            "dist": {
                "type": "zip",
                "url": "https://api.github.com/repos/filp/whoops/zipball/12e144c788b275e5869ac15eda7bd0ae5da775bd",
                "reference": "12e144c788b275e5869ac15eda7bd0ae5da775bd",
                "shasum": ""
            },
            "require": {
                "php": ">=5.3.0"
            },
            "require-dev": {
                "mockery/mockery": "dev-master",
                "silex/silex": "1.0.*@dev"
            },
            "type": "library",
            "autoload": {
                "psr-0": {
                    "Whoops": "src/"
                }
            },
            "notification-url": "https://packagist.org/downloads/",
            "license": [
                "MIT"
            ],
            "authors": [
                {
                    "name": "Filipe Dobreira",
                    "homepage": "https://github.com/filp",
                    "role": "Developer"
                }
            ],
            "description": "php error handling for cool kids",
            "homepage": "https://github.com/filp/whoops",
            "keywords": [
                "error",
                "exception",
                "handling",
                "library",
                "silex-provider",
                "whoops",
                "zf2"
            ],
            "time": "2013-06-10 12:22:13"
        },
        {
            "name": "helios-ag/fm-elfinder",
            "version": "v2.0",
            "target-dir": "FM/elfinder",
            "source": {
                "type": "git",
                "url": "https://github.com/helios-ag/elFinder.git",
                "reference": "c507e39bcfa10da191e954becd648f45c5b62dbb"
            },
            "dist": {
                "type": "zip",
                "url": "https://api.github.com/repos/helios-ag/elFinder/zipball/c507e39bcfa10da191e954becd648f45c5b62dbb",
                "reference": "c507e39bcfa10da191e954becd648f45c5b62dbb",
                "shasum": ""
            },
            "require": {
                "php": ">=5.2.0"
            },
            "type": "library",
            "notification-url": "https://packagist.org/downloads/",
            "include-path": [
                "php/"
            ],
            "license": [
                "BSD-3-Clause"
            ],
            "authors": [
                {
                    "name": "Dmitry \"dio\" Levashov",
                    "email": "dio@std42.ru",
                    "role": "Chief developer"
                },
                {
                    "name": "Troex Nevelin",
                    "email": "troex@fury.scancode.ru",
                    "role": "Maintainer"
                },
                {
                    "name": "Alexey Sukhotin",
                    "email": "strogg@yandex.ru",
                    "role": "Developer"
                },
                {
                    "name": "Naoki Sawada",
                    "email": "hypweb@gmail.com",
                    "role": "Developer"
                }
            ],
            "description": "File Manager for Web",
            "homepage": "https://github.com/Studio-42/elFinder",
            "keywords": [
                "elfinder",
                "file manager",
                "jquery-ui"
            ],
            "time": "2013-04-09 14:15:50"
        },
        {
            "name": "imagine/imagine",
            "version": "v0.5.0",
            "source": {
                "type": "git",
                "url": "https://github.com/avalanche123/Imagine.git",
                "reference": "f64ec666baaa800edcbf237db41121a569230709"
            },
            "dist": {
                "type": "zip",
                "url": "https://api.github.com/repos/avalanche123/Imagine/zipball/f64ec666baaa800edcbf237db41121a569230709",
                "reference": "f64ec666baaa800edcbf237db41121a569230709",
                "shasum": ""
            },
            "require": {
                "php": ">=5.3.2"
            },
            "require-dev": {
                "sami/sami": "dev-master"
            },
            "suggest": {
                "ext-gd": "to use the GD implementation",
                "ext-gmagick": "to use the Gmagick implementation",
                "ext-imagick": "to use the Imagick implementation"
            },
            "type": "library",
            "autoload": {
                "psr-0": {
                    "Imagine": "lib/"
                }
            },
            "notification-url": "https://packagist.org/downloads/",
            "license": [
                "MIT"
            ],
            "authors": [
                {
                    "name": "Bulat Shakirzyanov",
                    "email": "mallluhuct@gmail.com",
                    "homepage": "http://avalanche123.com"
                }
            ],
            "description": "Image processing for PHP 5.3",
            "homepage": "http://imagine.readthedocs.org/",
            "keywords": [
                "drawing",
                "graphics",
                "image manipulation",
                "image processing"
            ],
            "time": "2013-07-10 17:25:36"
        },
        {
            "name": "peej/tonic",
            "version": "v3.2",
            "source": {
                "type": "git",
                "url": "https://github.com/peej/tonic.git",
                "reference": "e99d7277ff4ce08a0644d5ff083e861e7841a23d"
            },
            "dist": {
                "type": "zip",
                "url": "https://api.github.com/repos/peej/tonic/zipball/e99d7277ff4ce08a0644d5ff083e861e7841a23d",
                "reference": "e99d7277ff4ce08a0644d5ff083e861e7841a23d",
                "shasum": ""
            },
            "require": {
                "php": ">=5.3.0"
            },
            "require-dev": {
                "behat/behat": "2.*",
                "peej/phpdoctor": "dev-master",
                "phpspec/phpspec": "1.*"
            },
            "suggest": {
                "pimple/pimple": "A simple dependancy injection container to handle your services",
                "smarty/smarty": "PHP templating engine for building response representations"
            },
            "bin": [
                "web/dispatch.php"
            ],
            "type": "library",
            "autoload": {
                "psr-0": {
                    "Tonic": "src/"
                }
            },
            "notification-url": "https://packagist.org/downloads/",
            "license": [
                "MIT"
            ],
            "authors": [
                {
                    "name": "Paul James",
                    "email": "paul@peej.co.uk"
                }
            ],
            "description": "The RESTful Web App PHP Micro-Framework",
            "homepage": "http://peej.github.com/tonic",
            "keywords": [
                "microframework",
                "rest"
            ],
            "time": "2013-06-02 21:48:37"
        },
        {
            "name": "psr/log",
            "version": "1.0.0",
            "source": {
                "type": "git",
                "url": "https://github.com/php-fig/log.git",
                "reference": "fe0936ee26643249e916849d48e3a51d5f5e278b"
            },
            "dist": {
                "type": "zip",
                "url": "https://api.github.com/repos/php-fig/log/zipball/fe0936ee26643249e916849d48e3a51d5f5e278b",
                "reference": "fe0936ee26643249e916849d48e3a51d5f5e278b",
                "shasum": ""
            },
            "type": "library",
            "autoload": {
                "psr-0": {
                    "Psr\\Log\\": ""
                }
            },
            "notification-url": "https://packagist.org/downloads/",
            "license": [
                "MIT"
            ],
            "authors": [
                {
                    "name": "PHP-FIG",
                    "homepage": "http://www.php-fig.org/"
                }
            ],
            "description": "Common interface for logging libraries",
            "keywords": [
                "log",
                "psr",
                "psr-3"
            ],
            "time": "2012-12-21 11:40:51"
        },
        {
            "name": "swiftmailer/swiftmailer",
            "version": "v5.0.2",
            "source": {
                "type": "git",
                "url": "https://github.com/swiftmailer/swiftmailer.git",
                "reference": "f3917ecef35a4e4d98b303eb9fee463bc983f379"
            },
            "dist": {
                "type": "zip",
                "url": "https://api.github.com/repos/swiftmailer/swiftmailer/zipball/f3917ecef35a4e4d98b303eb9fee463bc983f379",
                "reference": "f3917ecef35a4e4d98b303eb9fee463bc983f379",
                "shasum": ""
            },
            "require": {
                "php": ">=5.2.4"
            },
            "type": "library",
            "extra": {
                "branch-alias": {
                    "dev-master": "5.1-dev"
                }
            },
            "autoload": {
                "files": [
                    "lib/swift_required.php"
                ]
            },
            "notification-url": "https://packagist.org/downloads/",
            "license": [
                "MIT"
            ],
            "authors": [
                {
                    "name": "Fabien Potencier",
                    "email": "fabien@symfony.com"
                },
                {
                    "name": "Chris Corbyn"
                }
            ],
            "description": "Swiftmailer, free feature-rich PHP mailer",
            "homepage": "http://swiftmailer.org",
            "keywords": [
                "mail",
                "mailer"
            ],
            "time": "2013-08-30 12:35:21"
        },
        {
            "name": "symfony/event-dispatcher",
            "version": "v2.3.4",
            "target-dir": "Symfony/Component/EventDispatcher",
            "source": {
                "type": "git",
                "url": "https://github.com/symfony/EventDispatcher.git",
                "reference": "41c9826457c65fa3cf746f214985b7ca9cba42f8"
            },
            "dist": {
                "type": "zip",
                "url": "https://api.github.com/repos/symfony/EventDispatcher/zipball/41c9826457c65fa3cf746f214985b7ca9cba42f8",
                "reference": "41c9826457c65fa3cf746f214985b7ca9cba42f8",
                "shasum": ""
            },
            "require": {
                "php": ">=5.3.3"
            },
            "require-dev": {
                "symfony/dependency-injection": "~2.0"
            },
            "suggest": {
                "symfony/dependency-injection": "",
                "symfony/http-kernel": ""
            },
            "type": "library",
            "extra": {
                "branch-alias": {
                    "dev-master": "2.3-dev"
                }
            },
            "autoload": {
                "psr-0": {
                    "Symfony\\Component\\EventDispatcher\\": ""
                }
            },
            "notification-url": "https://packagist.org/downloads/",
            "license": [
                "MIT"
            ],
            "authors": [
                {
                    "name": "Fabien Potencier",
                    "email": "fabien@symfony.com"
                },
                {
                    "name": "Symfony Community",
                    "homepage": "http://symfony.com/contributors"
                }
            ],
            "description": "Symfony EventDispatcher Component",
            "homepage": "http://symfony.com",
            "time": "2013-07-21 12:12:18"
        },
        {
            "name": "twig/twig",
            "version": "v1.13.2",
            "source": {
                "type": "git",
                "url": "https://github.com/fabpot/Twig.git",
                "reference": "6d6a1009427d1f398c9d40904147bf9f723d5755"
            },
            "dist": {
                "type": "zip",
                "url": "https://api.github.com/repos/fabpot/Twig/zipball/6d6a1009427d1f398c9d40904147bf9f723d5755",
                "reference": "6d6a1009427d1f398c9d40904147bf9f723d5755",
                "shasum": ""
            },
            "require": {
                "php": ">=5.2.4"
            },
            "type": "library",
            "extra": {
                "branch-alias": {
                    "dev-master": "1.13-dev"
                }
            },
            "autoload": {
                "psr-0": {
                    "Twig_": "lib/"
                }
            },
            "notification-url": "https://packagist.org/downloads/",
            "license": [
                "BSD-3-Clause"
            ],
            "authors": [
                {
                    "name": "Fabien Potencier",
                    "email": "fabien@symfony.com"
                },
                {
                    "name": "Armin Ronacher",
                    "email": "armin.ronacher@active-4.com"
                }
            ],
            "description": "Twig, the flexible, fast, and secure template language for PHP",
            "homepage": "http://twig.sensiolabs.org",
            "keywords": [
                "templating"
            ],
            "time": "2013-08-03 15:35:31"
        }
    ],
    "packages-dev": [

    ],
    "aliases": [

    ],
    "minimum-stability": "stable",
    "stability-flags": {
        "analog/analog": 20,
        "bazalt/orm": 20,
        "bazalt/site": 20,
        "bazalt/session": 20,
        "bazalt/thumbs": 20,
        "bazalt/auth": 20,
        "bazalt/data": 20,
        "bazalt/view": 20,
        "bazalt/rest": 20
    },
    "platform": [

    ],
    "platform-dev": [

    ]
}
